version = 1
revision = 3
requires-python = ">=3.12"

[[package]]
name = "colorama"
version = "0.4.6"
source = { registry = "https://pypi.org/simple" }
sdist = { url = "https://files.pythonhosted.org/packages/d8/53/6f443c9a4a8358a93a6792e2acffb9d9d5cb0a5cfd8802644b7b1c9a02e4/colorama-0.4.6.tar.gz", hash = "sha256:08695f5cb7ed6e0531a20572697297273c47b8cae5a63ffc6d6ed5c201be6e44", size = 27697, upload-time = "2022-10-25T02:36:22.414Z" }
wheels = [
    { url = "https://files.pythonhosted.org/packages/d1/d6/3965ed04c63042e047cb6a3e6ed1a63a35087b6a609aa3a15ed8ac56c221/colorama-0.4.6-py2.py3-none-any.whl", hash = "sha256:4f1d9991f5acc0ca119f9d443620b77f9d6b33703e51011c16baf57afb285fc6", size = 25335, upload-time = "2022-10-25T02:36:20.889Z" },
]

[[package]]
name = "cronsim"
version = "2.7"
source = { registry = "https://pypi.org/simple" }
wheels = [
    { url = "https://files.pythonhosted.org/packages/fb/1a/02f105147f7f2e06ed4f734ff5a6439590bb275a53dd91fc73df6312298a/cronsim-2.7-py3-none-any.whl", hash = "sha256:1e1431fa08c51dc7f72e67e571c7c7a09af26420169b607badd4ca9677ffad1e", size = 14213, upload-time = "2025-10-21T16:38:20.431Z" },
]

[[package]]
name = "execnet"
version = "2.1.2"
source = { registry = "https://pypi.org/simple" }
sdist = { url = "https://files.pythonhosted.org/packages/bf/89/780e11f9588d9e7128a3f87788354c7946a9cbb1401ad38a48c4db9a4f07/execnet-2.1.2.tar.gz", hash = "sha256:63d83bfdd9a23e35b9c6a3261412324f964c2ec8dcd8d3c6916ee9373e0befcd", size = 166622, upload-time = "2025-11-12T09:56:37.75Z" }
wheels = [
    { url = "https://files.pythonhosted.org/packages/ab/84/02fc1827e8cdded4aa65baef11296a9bbe595c474f0d6d758af082d849fd/execnet-2.1.2-py3-none-any.whl", hash = "sha256:67fba928dd5a544b783f6056f449e5e3931a5c378b128bc18501f7ea79e296ec", size = 40708, upload-time = "2025-11-12T09:56:36.333Z" },
]

[[package]]
name = "iniconfig"
version = "2.3.0"
source = { registry = "https://pypi.org/simple" }
sdist = { url = "https://files.pythonhosted.org/packages/72/34/14ca021ce8e5dfedc35312d08ba8bf51fdd999c576889fc2c24cb97f4f10/iniconfig-2.3.0.tar.gz", hash = "sha256:c76315c77db068650d49c5b56314774a7804df16fee4402c1f19d6d15d8c4730", size = 20503, upload-time = "2025-10-18T21:55:43.219Z" }
wheels = [
    { url = "https://files.pythonhosted.org/packages/cb/b1/3846dd7f199d53cb17f49cba7e651e9ce294d8497c8c150530ed11865bb8/iniconfig-2.3.0-py3-none-any.whl", hash = "sha256:f631c04d2c48c52b84d0d0549c99ff3859c98df65b3101406327ecc7d53fbf12", size = 7484, upload-time = "2025-10-18T21:55:41.639Z" },
]

[[package]]
name = "packaging"
version = "26.3"
source = { registry = "https://pypi.org/simple" }
sdist = { url = "https://files.pythonhosted.org/packages/7d/fa/3944b40b07da9ce895c0e6303a5ab7d53da063554f534556b134a54d6093/packaging-26.3.tar.gz", hash = "sha256:94edc256424af38762eb31306eed28beb9f0efc50a8837492c9d6fd6004aed79", size = 313412, upload-time = "2026-08-04T18:15:28.737Z" }
wheels = [
    { url = "https://files.pythonhosted.org/packages/63/34/ba1c580383c9eada3711951fef0795c80b829a078d72188184bcab9dd527/packaging-26.3-py3-none-any.whl", hash = "sha256:d7193f7c8e4e93f444fde0262bf90af30e16fa0ad0ad44cb553c87339b23cd1c", size = 129956, upload-time = "2026-08-04T18:15:27.159Z" },
]

[[package]]
name = "pkb-tools"
version = "0.1.0"
source = { editable = "." }
dependencies = [
    { name = "cronsim" },
]

[package.dev-dependencies]
dev = [
    { name = "pytest" },
    { name = "pytest-xdist" },
    { name = "ty" },
]

[package.metadata]
requires-dist = [{ name = "cronsim", specifier = ">=2.6" }]

[package.metadata.requires-dev]
dev = [
    { name = "pytest", specifier = ">=8.0.0" },
    { name = "pytest-xdist", specifier = ">=3.8.0" },
    { name = "ty", specifier = ">=0.0.57" },
]

[[package]]
name = "pluggy"
version = "1.6.0"
source = { registry = "https://pypi.org/simple" }
sdist = { url = "https://files.pythonhosted.org/packages/f9/e2/3e91f31a7d2b083fe6ef3fa267035b518369d9511ffab804f839851d2779/pluggy-1.6.0.tar.gz", hash = "sha256:7dcc130b76258d33b90f61b658791dede3486c3e6bfb003ee5c9bfb396dd22f3", size = 69412, upload-time = "2025-05-15T12:30:07.975Z" }
wheels = [
    { url = "https://files.pythonhosted.org/packages/54/20/4d324d65cc6d9205fabedc306948156824eb9f0ee1633355a8f7ec5c66bf/pluggy-1.6.0-py3-none-any.whl", hash = "sha256:e920276dd6813095e9377c0bc5566d94c932c33b27a3e3945d8389c374dd4746", size = 20538, upload-time = "2025-05-15T12:30:06.134Z" },
]

[[package]]
name = "pygments"
version = "2.21.0"
source = { registry = "https://pypi.org/simple" }
sdist = { url = "https://files.pythonhosted.org/packages/49/2e/ced460408999b33da6b31b0021b0f37d329e202d4169aeb164493778f25b/pygments-2.21.0.tar.gz", hash = "sha256:610ca751c9bc2492b38eb9a38a7fbc93edbbb2d7182edaf34e66ae493dee5c8c", size = 5005329, upload-time = "2026-08-17T08:02:48.824Z" }
wheels = [
    { url = "https://files.pythonhosted.org/packages/71/46/17f022dd3e953bf20a04a028a21ec746d942f8d2af30fa0f124fa0e6a684/pygments-2.21.0-py3-none-any.whl", hash = "sha256:2363c69b61c4a97c838da3b130dcd6468f4848992b21a82f2a63ec34377137d9", size = 1250147, upload-time = "2026-08-17T08:02:44.912Z" },
]

[[package]]
name = "pytest"
version = "9.1.1"
source = { registry = "https://pypi.org/simple" }
dependencies = [
    { name = "colorama", marker = "sys_platform == 'win32'" },
    { name = "iniconfig" },
    { name = "packaging" },
    { name = "pluggy" },
    { name = "pygments" },
]
sdist = { url = "https://files.pythonhosted.org/packages/e4/47/b9efed96c114afcfa3c9d3fe98a76a1d14c74a9e266d397cf6eb64be5e01/pytest-9.1.1.tar.gz", hash = "sha256:1088fbde8f2b49d95a549a195707afa7a76a3ce9bcadc26b6d71f0ffda5fe313", size = 1636369, upload-time = "2026-06-19T10:58:32.857Z" }
wheels = [
    { url = "https://files.pythonhosted.org/packages/24/25/1de2678b631f5a49215c6c96fff41ba892b0a34df68d6d80292b1b48aa7f/pytest-9.1.1-py3-none-any.whl", hash = "sha256:37a86b45efb9a47a61a36449063e8e18d0cab3161329fc099eb21783169c4f0c", size = 386536, upload-time = "2026-06-19T10:58:31.347Z" },
]

[[package]]
name = "pytest-xdist"
version = "3.8.0"
source = { registry = "https://pypi.org/simple" }
dependencies = [
    { name = "execnet" },
    { name = "pytest" },
]
sdist = { url = "https://files.pythonhosted.org/packages/78/b4/439b179d1ff526791eb921115fca8e44e596a13efeda518b9d845a619450/pytest_xdist-3.8.0.tar.gz", hash = "sha256:7e578125ec9bc6050861aa93f2d59f1d8d085595d6551c2c90b6f4fad8d3a9f1", size = 88069, upload-time = "2025-07-01T13:30:59.346Z" }
wheels = [
    { url = "https://files.pythonhosted.org/packages/ca/31/d4e37e9e550c2b92a9cbc2e4d0b7420a27224968580b5a447f420847c975/pytest_xdist-3.8.0-py3-none-any.whl", hash = "sha256:202ca578cfeb7370784a8c33d6d05bc6e13b4f25b5053c30a152269fd10f0b88", size = 46396, upload-time = "2025-07-01T13:30:56.632Z" },
]

[[package]]
name = "ty"
version = "0.0.78"
source = { registry = "https://pypi.org/simple" }
sdist = { url = "https://files.pythonhosted.org/packages/d8/c7/2ba0861384c5b5097ac354383abb98188112cb330208c21d5197e98a29e5/ty-0.0.78.tar.gz", hash = "sha256:770b45854f85fa11595208f08c0f28df80943164d10a2832d86be6ac29f135b2", size = 7050609, upload-time = "2026-09-02T22:41:33.92Z" }
wheels = [
    { url = "https://files.pythonhosted.org/packages/ea/ed/f34cfc06a9ba72979df219e48dae1a0b6a6c74a340763ccd30a547edf913/ty-0.0.78-py3-none-linux_armv6l.whl", hash = "sha256:122700b98f9d45785c1ce91a9418154562e7f64f4bf34679f6f7b38c5b97453f", size = 13304624, upload-time = "2026-09-02T22:40:56.649Z" },
    { url = "https://files.pythonhosted.org/packages/1c/28/5576e2a08b57676d9b2a736d528f077a6c6e32c3d1de2d75dbbe28346966/ty-0.0.78-py3-none-macosx_10_12_x86_64.whl", hash = "sha256:cbe7e3709ccf29ef3d9f58f5914cc30ec36fb647008a5a4ff8483abe401bfe8d", size = 12928383, upload-time = "2026-09-02T22:40:59.162Z" },
    { url = "https://files.pythonhosted.org/packages/8e/e0/027d49c3da5235e634da3d3fc52c4874ec89f50830388c9c259f8fb71e0e/ty-0.0.78-py3-none-macosx_11_0_arm64.whl", hash = "sha256:c3528897b3ab9d3589561bc2b5e61a4d5d686de527a4400bb09a439b922a6c70", size = 12730058, upload-time = "2026-09-02T22:41:01.235Z" },
    { url = "https://files.pythonhosted.org/packages/bb/bc/6bf8ffefd8063730a70ae889cf85def72bc155fd1453135ebf8a09c2f1c2/ty-0.0.78-py3-none-manylinux_2_17_aarch64.manylinux2014_aarch64.whl", hash = "sha256:8bfba4c44a06484093f527b8ef43a317abcf91395b49396170266629eedf74aa", size = 12813321, upload-time = "2026-09-02T22:41:03.251Z" },
    { url = "https://files.pythonhosted.org/packages/6d/c0/b3cdf26f82108908d92fdb7ddb741019c446ceb666cf204d4dbf611bde33/ty-0.0.78-py3-none-manylinux_2_17_armv7l.manylinux2014_armv7l.whl", hash = "sha256:5f903c06fdee17baf8373173039ab28f1bce28e66b1c734929a5f50b37eb54d9", size = 13072219, upload-time = "2026-09-02T22:41:05.225Z" },
    { url = "https://files.pythonhosted.org/packages/4d/36/16bfb0abdd178dae11dbc4b57b9a86c2b62642a18c1103fd2c2930aa5879/ty-0.0.78-py3-none-manylinux_2_17_i686.manylinux2014_i686.whl", hash = "sha256:dd83e5fe3f07291d1bd4e591f8d2607c204f3eab53bcb1b8060c40e876e1aa61", size = 13903958, upload-time = "2026-09-02T22:41:07.333Z" },
    { url = "https://files.pythonhosted.org/packages/0f/0c/74d3b1f0344b13156c719dd68a7edf7e48c2051718c9f326ba3cbf45ea53/ty-0.0.78-py3-none-manylinux_2_17_ppc64le.manylinux2014_ppc64le.whl", hash = "sha256:325285377319cf7168a2b8b771ae5027f411530e3c7eab1faf4583cdd72fd7c9", size = 14355581, upload-time = "2026-09-02T22:41:09.56Z" },
    { url = "https://files.pythonhosted.org/packages/8d/d7/7ca0359e1e61b15b8b02328c8d120db3c507876b9b7c6bd9f26935353e0e/ty-0.0.78-py3-none-manylinux_2_17_s390x.manylinux2014_s390x.whl", hash = "sha256:54b7846a404da6492697b524a769755ee9bee157d67674063ecd9c5f69dc52ff", size = 14044749, upload-time = "2026-09-02T22:41:11.678Z" },
    { url = "https://files.pythonhosted.org/packages/3b/6a/731f16ff42c5fc96e742c2f4e0a6915356bae114ae02ae4af6f33502175f/ty-0.0.78-py3-none-manylinux_2_17_x86_64.manylinux2014_x86_64.whl", hash = "sha256:169d3b9d134c0b48fe1af8a844142d374655552054a9d6c15a4b6e51bb0382ea", size = 13391647, upload-time = "2026-09-02T22:41:13.928Z" },
    { url = "https://files.pythonhosted.org/packages/0c/af/250cc29daf310e837188509ea4d78460c495d8a74c4fb84b4152d9ef2d4f/ty-0.0.78-py3-none-manylinux_2_31_riscv64.whl", hash = "sha256:6108cb3b2d28dac5981d4e25008a0a5547d8c877a67f6da9e8c38e7e946be44f", size = 13945020, upload-time = "2026-09-02T22:41:15.968Z" },
    { url = "https://files.pythonhosted.org/packages/b8/f9/96aab1dee4535e66554e8dc7657c69f6c61c181d8e70b9c3527908e93ef4/ty-0.0.78-py3-none-musllinux_1_2_aarch64.whl", hash = "sha256:589ad03608d9d2975ef4b23c41c4f847e325bcc7686f51d4c66066b8dbc18a2a", size = 12851149, upload-time = "2026-09-02T22:41:18.06Z" },
    { url = "https://files.pythonhosted.org/packages/85/b0/53d8fe9a847534ef5fe2165c7d5292cb853b29dfd7011cbfb1cdb90a8012/ty-0.0.78-py3-none-musllinux_1_2_armv7l.whl", hash = "sha256:b3fa0786edc1af06030f872d83499c0cea7c261dbbb651e0aee8306bf2c8a869", size = 13091464, upload-time = "2026-09-02T22:41:20.227Z" },
    { url = "https://files.pythonhosted.org/packages/21/65/94a4e5a02de559f6c6c0ee7a14b88660b4eee058ec6fec5c0ff6ecfbf5cc/ty-0.0.78-py3-none-musllinux_1_2_i686.whl", hash = "sha256:92c5639befc577578c8abd4e5a7fccf98d828db98b09e8d4dd81605dc0e54aef", size = 13389389, upload-time = "2026-09-02T22:41:22.27Z" },
    { url = "https://files.pythonhosted.org/packages/2e/b6/d0c7fe6be64ca5a15100c4b1f0e39c19660d53bc544f609fa117b346e661/ty-0.0.78-py3-none-musllinux_1_2_x86_64.whl", hash = "sha256:0dce70bc51652b2775debd1d1e422fb0179f5207c73deb4d5d0aca37e5f61695", size = 13691928, upload-time = "2026-09-02T22:41:24.292Z" },
    { url = "https://files.pythonhosted.org/packages/0a/5d/36081205611ba3fa802efc4ad63e4b1e949bda2f7bb37b34ac9bb6c00db0/ty-0.0.78-py3-none-win32.whl", hash = "sha256:1c80976ca9185d7a9d1baab1fb57240331b8dac58d3b11e46200284086a6de8d", size = 12647346, upload-time = "2026-09-02T22:41:26.699Z" },
    { url = "https://files.pythonhosted.org/packages/f1/89/b925fe1ea1bc56fc7f11d2496e29072fdd2ceb7b389884fc7b2d07cf0c41/ty-0.0.78-py3-none-win_amd64.whl", hash = "sha256:32e82b704471eab34f67b51c151660ca8a00815977b28278905d76fba54f7415", size = 13241810, upload-time = "2026-09-02T22:41:28.857Z" },
    { url = "https://files.pythonhosted.org/packages/91/f1/090ef7b52355bcedfbfbff6ce70fa81ba5bd5f6ed3f8d99ae05e6f2fe75b/ty-0.0.78-py3-none-win_arm64.whl", hash = "sha256:3a14d641a3c04fa9a80f2a46be1531d915f60d4fb79d4b894627bbe46bb35d64", size = 13077433, upload-time = "2026-09-02T22:41:31.525Z" },
]
